
Microsoft Visual Studio Solution File, Format Version 12.00
# Visual Studio Version 17
VisualStudioVersion = 17.1.32210.238
MinimumVisualStudioVersion = 10.0.40219.1
Project("{FAE04EC0-301F-11D3-BF4B-00C04F79EFBC}") = "Presentacion", "Presentacion\Presentacion.csproj", "{2934E141-1FB5-4CDC-A13A-990E77ABE2EB}"
EndProject
Global
	GlobalSection(SolutionConfigurationPlatforms) = preSolution
		Debug|Any CPU = Debug|Any CPU
		Release|Any CPU = Release|Any CPU
	EndGlobalSection
	GlobalSection(ProjectConfigurationPlatforms) = postSolution
		{2934E141-1FB5-4CDC-A13A-990E77ABE2EB}.Debug|Any CPU.ActiveCfg = Debug|Any CPU
		{2934E141-1FB5-4CDC-A13A-990E77ABE2EB}.Debug|Any CPU.Build.0 = Debug|Any CPU
		{2934E141-1FB5-4CDC-A13A-990E77ABE2EB}.Release|Any CPU.ActiveCfg = Release|Any CPU
		{2934E141-1FB5-4CDC-A13A-990E77ABE2EB}.Release|Any CPU.Build.0 = Release|Any CPU
	EndGlobalSection
	GlobalSection(SolutionProperties) = preSolution
		HideSolutionNode = FALSE
	EndGlobalSection
	GlobalSection(ExtensibilityGlobals) = postSolution
		SolutionGuid = {71B4AA9A-ED5C-4E15-BE49-C14AD82EB5ED}
	EndGlobalSection
EndGlobal
